# THIS IS AN AUTOGENERATED FILE. DO NOT EDIT THIS FILE DIRECTLY.
# yarn lockfile v1


"accepts@~1.3.3", "accepts@1.3.3":
  "integrity" "sha1-w8p0NJOGSMPg2cHjKN1otiLChMo="
  "resolved" "https://registry.npmjs.org/accepts/-/accepts-1.3.3.tgz"
  "version" "1.3.3"
  dependencies:
    "mime-types" "~2.1.11"
    "negotiator" "0.6.1"

"after@0.8.2":
  "integrity" "sha1-/ts5T58OAqqXaOcCvaI7UF+ufh8="
  "resolved" "https://registry.npmjs.org/after/-/after-0.8.2.tgz"
  "version" "0.8.2"

"array-flatten@1.1.1":
  "integrity" "sha1-ml9pkFGx5wczKPKgCJaLZOopVdI="
  "resolved" "https://registry.npmjs.org/array-flatten/-/array-flatten-1.1.1.tgz"
  "version" "1.1.1"

"arraybuffer.slice@0.0.6":
  "integrity" "sha1-8zshWfBTKj8xB6JywMz70a0peco="
  "resolved" "https://registry.npmjs.org/arraybuffer.slice/-/arraybuffer.slice-0.0.6.tgz"
  "version" "0.0.6"

"backo2@1.0.2":
  "integrity" "sha1-MasayLEpNjRj41s+u2n038+6eUc="
  "resolved" "https://registry.npmjs.org/backo2/-/backo2-1.0.2.tgz"
  "version" "1.0.2"

"base64-arraybuffer@0.1.5":
  "integrity" "sha1-c5JncZI7Whl0etZmqlzUv5xunOg="
  "resolved" "https://registry.npmjs.org/base64-arraybuffer/-/base64-arraybuffer-0.1.5.tgz"
  "version" "0.1.5"

"base64id@1.0.0":
  "integrity" "sha1-R2iMuZu2gE8OBtPnY7HDLlfY5rY="
  "resolved" "https://registry.npmjs.org/base64id/-/base64id-1.0.0.tgz"
  "version" "1.0.0"

"better-assert@~1.0.0":
  "integrity" "sha1-QIZrnhueC1W0gYlDEeaPr/rrxSI="
  "resolved" "https://registry.npmjs.org/better-assert/-/better-assert-1.0.2.tgz"
  "version" "1.0.2"
  dependencies:
    "callsite" "1.0.0"

"blob@0.0.4":
  "integrity" "sha1-vPEwUspURj8w+fx+lbmkdjCpSSE="
  "resolved" "https://registry.npmjs.org/blob/-/blob-0.0.4.tgz"
  "version" "0.0.4"

"callsite@1.0.0":
  "integrity" "sha1-KAOY5dZkvXQDi28JBRU+borxvCA="
  "resolved" "https://registry.npmjs.org/callsite/-/callsite-1.0.0.tgz"
  "version" "1.0.0"

"component-bind@1.0.0":
  "integrity" "sha1-AMYIq33Nk4l8AAllGx06jh5zu9E="
  "resolved" "https://registry.npmjs.org/component-bind/-/component-bind-1.0.0.tgz"
  "version" "1.0.0"

"component-emitter@1.1.2":
  "integrity" "sha1-KWWU8nU9qmOZbSrwjRWpURbJrsM="
  "resolved" "https://registry.npmjs.org/component-emitter/-/component-emitter-1.1.2.tgz"
  "version" "1.1.2"

"component-emitter@1.2.1":
  "integrity" "sha1-E3kY1teCg/ffemt8WmPhQOaUJeY="
  "resolved" "https://registry.npmjs.org/component-emitter/-/component-emitter-1.2.1.tgz"
  "version" "1.2.1"

"component-inherit@0.0.3":
  "integrity" "sha1-ZF/ErfWLcrZJ1crmUTVhnbJv8UM="
  "resolved" "https://registry.npmjs.org/component-inherit/-/component-inherit-0.0.3.tgz"
  "version" "0.0.3"

"content-disposition@0.5.2":
  "integrity" "sha1-DPaLud318r55YcOoUXjLhdunjLQ="
  "resolved" "https://registry.npmjs.org/content-disposition/-/content-disposition-0.5.2.tgz"
  "version" "0.5.2"

"content-type@~1.0.2":
  "integrity" "sha1-t9ETrueo3Se9IRM8TcJSnfFyHu0="
  "resolved" "https://registry.npmjs.org/content-type/-/content-type-1.0.2.tgz"
  "version" "1.0.2"

"cookie-signature@1.0.6":
  "integrity" "sha1-4wOogrNCzD7oylE6eZmXNNqzriw="
  "resolved" "https://registry.npmjs.org/cookie-signature/-/cookie-signature-1.0.6.tgz"
  "version" "1.0.6"

"cookie@0.3.1":
  "integrity" "sha1-5+Ch+e9DtMi6klxcWpboBtFoc7s="
  "resolved" "https://registry.npmjs.org/cookie/-/cookie-0.3.1.tgz"
  "version" "0.3.1"

"debug@2.2.0":
  "integrity" "sha1-+HBX6ZWxofauaklgZkE3vFbwOdo="
  "resolved" "https://registry.npmjs.org/debug/-/debug-2.2.0.tgz"
  "version" "2.2.0"
  dependencies:
    "ms" "0.7.1"

"debug@2.3.3":
  "integrity" "sha1-QMRT5n5uE8kB3ewxeviYbNqe/4w="
  "resolved" "https://registry.npmjs.org/debug/-/debug-2.3.3.tgz"
  "version" "2.3.3"
  dependencies:
    "ms" "0.7.2"

"debug@2.6.1":
  "integrity" "sha1-eYVQkLosTjEVzH2HaUkdWPBJE1E="
  "resolved" "https://registry.npmjs.org/debug/-/debug-2.6.1.tgz"
  "version" "2.6.1"
  dependencies:
    "ms" "0.7.2"

"depd@~1.1.0", "depd@1.1.0":
  "integrity" "sha1-4b2Cxqq2ztlluXuIsX7T5SjKGMM="
  "resolved" "https://registry.npmjs.org/depd/-/depd-1.1.0.tgz"
  "version" "1.1.0"

"destroy@~1.0.4":
  "integrity" "sha1-l4hXRCxEdJ5CBmE+N5RiBYJqvYA="
  "resolved" "https://registry.npmjs.org/destroy/-/destroy-1.0.4.tgz"
  "version" "1.0.4"

"double-ended-queue@^2.1.0-0":
  "integrity" "sha1-ED01J/0xUo9AGIEwyEHv3XgmTlw="
  "resolved" "https://registry.npmjs.org/double-ended-queue/-/double-ended-queue-2.1.0-0.tgz"
  "version" "2.1.0-0"

"ee-first@1.1.1":
  "integrity" "sha1-WQxhFWsK4vTwJVcyoViyZrxWsh0="
  "resolved" "https://registry.npmjs.org/ee-first/-/ee-first-1.1.1.tgz"
  "version" "1.1.1"

"encodeurl@~1.0.1":
  "integrity" "sha1-eePVhlU0aQn+bw9Fpd5oEDspTSA="
  "resolved" "https://registry.npmjs.org/encodeurl/-/encodeurl-1.0.1.tgz"
  "version" "1.0.1"

"engine.io-client@1.8.3":
  "integrity" "sha1-F5jtk0USRkU9TG9jXXogH+lA1as="
  "resolved" "https://registry.npmjs.org/engine.io-client/-/engine.io-client-1.8.3.tgz"
  "version" "1.8.3"
  dependencies:
    "component-emitter" "1.2.1"
    "component-inherit" "0.0.3"
    "debug" "2.3.3"
    "engine.io-parser" "1.3.2"
    "has-cors" "1.1.0"
    "indexof" "0.0.1"
    "parsejson" "0.0.3"
    "parseqs" "0.0.5"
    "parseuri" "0.0.5"
    "ws" "1.1.2"
    "xmlhttprequest-ssl" "1.5.3"
    "yeast" "0.1.2"

"engine.io-parser@1.3.2":
  "integrity" "sha1-k3sHnwAH0Ik+xW1GyyILjLQ1Igo="
  "resolved" "https://registry.npmjs.org/engine.io-parser/-/engine.io-parser-1.3.2.tgz"
  "version" "1.3.2"
  dependencies:
    "after" "0.8.2"
    "arraybuffer.slice" "0.0.6"
    "base64-arraybuffer" "0.1.5"
    "blob" "0.0.4"
    "has-binary" "0.1.7"
    "wtf-8" "1.0.0"

"engine.io@1.8.3":
  "integrity" "sha1-jef5eJXSDTm4X4ju7nd7K9QrE9Q="
  "resolved" "https://registry.npmjs.org/engine.io/-/engine.io-1.8.3.tgz"
  "version" "1.8.3"
  dependencies:
    "accepts" "1.3.3"
    "base64id" "1.0.0"
    "cookie" "0.3.1"
    "debug" "2.3.3"
    "engine.io-parser" "1.3.2"
    "ws" "1.1.2"

"escape-html@~1.0.3":
  "integrity" "sha1-Aljq5NPQwJdN4cFpGI7wBR0dGYg="
  "resolved" "https://registry.npmjs.org/escape-html/-/escape-html-1.0.3.tgz"
  "version" "1.0.3"

"etag@~1.8.0":
  "integrity" "sha1-b2Ma7zNtbEY2K1F2QETOIWvjwFE="
  "resolved" "https://registry.npmjs.org/etag/-/etag-1.8.0.tgz"
  "version" "1.8.0"

"express@^4.14.0":
  "integrity" "sha1-rxB/wUhQRFfy3Kmm8lcdcSm5ezU="
  "resolved" "https://registry.npmjs.org/express/-/express-4.15.2.tgz"
  "version" "4.15.2"
  dependencies:
    "accepts" "~1.3.3"
    "array-flatten" "1.1.1"
    "content-disposition" "0.5.2"
    "content-type" "~1.0.2"
    "cookie" "0.3.1"
    "cookie-signature" "1.0.6"
    "debug" "2.6.1"
    "depd" "~1.1.0"
    "encodeurl" "~1.0.1"
    "escape-html" "~1.0.3"
    "etag" "~1.8.0"
    "finalhandler" "~1.0.0"
    "fresh" "0.5.0"
    "merge-descriptors" "1.0.1"
    "methods" "~1.1.2"
    "on-finished" "~2.3.0"
    "parseurl" "~1.3.1"
    "path-to-regexp" "0.1.7"
    "proxy-addr" "~1.1.3"
    "qs" "6.4.0"
    "range-parser" "~1.2.0"
    "send" "0.15.1"
    "serve-static" "1.12.1"
    "setprototypeof" "1.0.3"
    "statuses" "~1.3.1"
    "type-is" "~1.6.14"
    "utils-merge" "1.0.0"
    "vary" "~1.1.0"

"finalhandler@~1.0.0":
  "integrity" "sha1-tWkcLAkSCS8YrCPpQWveXNfcZ1U="
  "resolved" "https://registry.npmjs.org/finalhandler/-/finalhandler-1.0.0.tgz"
  "version" "1.0.0"
  dependencies:
    "debug" "2.6.1"
    "encodeurl" "~1.0.1"
    "escape-html" "~1.0.3"
    "on-finished" "~2.3.0"
    "parseurl" "~1.3.1"
    "statuses" "~1.3.1"
    "unpipe" "~1.0.0"

"forwarded@~0.1.0":
  "integrity" "sha1-mMI9qxF1ZXuMBXPozszZGw/xjIQ="
  "resolved" "https://registry.npmjs.org/forwarded/-/forwarded-0.1.2.tgz"
  "version" "0.1.2"

"fresh@0.5.0":
  "integrity" "sha1-9HTKXmqSRtb9jglTz6m5yAWvp44="
  "resolved" "https://registry.npmjs.org/fresh/-/fresh-0.5.0.tgz"
  "version" "0.5.0"

"has-binary@0.1.7":
  "integrity" "sha1-aOYesWIQyVRaClzOBqhzkS/h5ow="
  "resolved" "https://registry.npmjs.org/has-binary/-/has-binary-0.1.7.tgz"
  "version" "0.1.7"
  dependencies:
    "isarray" "0.0.1"

"has-cors@1.1.0":
  "integrity" "sha1-XkdHk/fqmEPRu5nCPu9J/xJv/zk="
  "resolved" "https://registry.npmjs.org/has-cors/-/has-cors-1.1.0.tgz"
  "version" "1.1.0"

"http-errors@~1.6.1":
  "integrity" "sha1-X4uO2YrKVFZWv1cplzh/kEpyIlc="
  "resolved" "https://registry.npmjs.org/http-errors/-/http-errors-1.6.1.tgz"
  "version" "1.6.1"
  dependencies:
    "depd" "1.1.0"
    "inherits" "2.0.3"
    "setprototypeof" "1.0.3"
    "statuses" ">= 1.3.1 < 2"

"indexof@0.0.1":
  "integrity" "sha1-gtwzbSMrkGIXnQWrMpOmYFn9Q10="
  "resolved" "https://registry.npmjs.org/indexof/-/indexof-0.0.1.tgz"
  "version" "0.0.1"

"inherits@2.0.3":
  "integrity" "sha1-Yzwsg+PaQqUC9SRmAiSA9CCCYd4="
  "resolved" "https://registry.npmjs.org/inherits/-/inherits-2.0.3.tgz"
  "version" "2.0.3"

"ipaddr.js@1.2.0":
  "integrity" "sha1-irpJyRknmVhb3WQ+DMtQ6K53e6Q="
  "resolved" "https://registry.npmjs.org/ipaddr.js/-/ipaddr.js-1.2.0.tgz"
  "version" "1.2.0"

"isarray@0.0.1":
  "integrity" "sha1-ihis/Kmo9Bd+Cav8YDiTmwXR7t8="
  "resolved" "https://registry.npmjs.org/isarray/-/isarray-0.0.1.tgz"
  "version" "0.0.1"

"json3@3.3.2":
  "integrity" "sha1-PAQ0dD35Pi9cQq7nsZvLSDV19OE="
  "resolved" "https://registry.npmjs.org/json3/-/json3-3.3.2.tgz"
  "version" "3.3.2"

"media-typer@0.3.0":
  "integrity" "sha1-hxDXrwqmJvj/+hzgAWhUUmMlV0g="
  "resolved" "https://registry.npmjs.org/media-typer/-/media-typer-0.3.0.tgz"
  "version" "0.3.0"

"merge-descriptors@1.0.1":
  "integrity" "sha1-sAqqVW3YtEVoFQ7J0blT8/kMu2E="
  "resolved" "https://registry.npmjs.org/merge-descriptors/-/merge-descriptors-1.0.1.tgz"
  "version" "1.0.1"

"methods@~1.1.2":
  "integrity" "sha1-VSmk1nZUE07cxSZmVoNbD4Ua/O4="
  "resolved" "https://registry.npmjs.org/methods/-/methods-1.1.2.tgz"
  "version" "1.1.2"

"mime-db@~1.26.0":
  "integrity" "sha1-6v/NDk/Gk1z4E02iRuLmw1MFrf8="
  "resolved" "https://registry.npmjs.org/mime-db/-/mime-db-1.26.0.tgz"
  "version" "1.26.0"

"mime-types@~2.1.11", "mime-types@~2.1.13":
  "integrity" "sha1-9+99l1g/yvO30oK2+LVnnaselO4="
  "resolved" "https://registry.npmjs.org/mime-types/-/mime-types-2.1.14.tgz"
  "version" "2.1.14"
  dependencies:
    "mime-db" "~1.26.0"

"mime@1.3.4":
  "integrity" "sha1-EV+eO2s9rylZmDyzjxSaLUDrXVM="
  "resolved" "https://registry.npmjs.org/mime/-/mime-1.3.4.tgz"
  "version" "1.3.4"

"ms@0.7.1":
  "integrity" "sha1-nNE8A62/8ltl7/3nzoZO6VIBcJg="
  "resolved" "https://registry.npmjs.org/ms/-/ms-0.7.1.tgz"
  "version" "0.7.1"

"ms@0.7.2":
  "integrity" "sha1-riXPJRKziFodldfwN4aNhDESR2U="
  "resolved" "https://registry.npmjs.org/ms/-/ms-0.7.2.tgz"
  "version" "0.7.2"

"negotiator@0.6.1":
  "integrity" "sha1-KzJxhOiZIQEXeyhWP7XnECrNDKk="
  "resolved" "https://registry.npmjs.org/negotiator/-/negotiator-0.6.1.tgz"
  "version" "0.6.1"

"object-assign@4.1.0":
  "integrity" "sha1-ejs9DpgGPUP0wD8uiubNUahog6A="
  "resolved" "https://registry.npmjs.org/object-assign/-/object-assign-4.1.0.tgz"
  "version" "4.1.0"

"object-component@0.0.3":
  "integrity" "sha1-8MaapQ78lbhmwYb0AKM3acsvEpE="
  "resolved" "https://registry.npmjs.org/object-component/-/object-component-0.0.3.tgz"
  "version" "0.0.3"

"on-finished@~2.3.0":
  "integrity" "sha1-IPEzZIGwg811M3mSoWlxqi2QaUc="
  "resolved" "https://registry.npmjs.org/on-finished/-/on-finished-2.3.0.tgz"
  "version" "2.3.0"
  dependencies:
    "ee-first" "1.1.1"

"options@>=0.0.5":
  "integrity" "sha1-7CLTEoBrtT5zF3Pnza788cZDEo8="
  "resolved" "https://registry.npmjs.org/options/-/options-0.0.6.tgz"
  "version" "0.0.6"

"parsejson@0.0.3":
  "integrity" "sha1-q343WfIJ7OmUN5c/fQ8fZK4OZKs="
  "resolved" "https://registry.npmjs.org/parsejson/-/parsejson-0.0.3.tgz"
  "version" "0.0.3"
  dependencies:
    "better-assert" "~1.0.0"

"parseqs@0.0.5":
  "integrity" "sha1-1SCKNzjkZ2bikbouoXNoSSGouJ0="
  "resolved" "https://registry.npmjs.org/parseqs/-/parseqs-0.0.5.tgz"
  "version" "0.0.5"
  dependencies:
    "better-assert" "~1.0.0"

"parseuri@0.0.5":
  "integrity" "sha1-gCBKUNTbt3m/3G6+J3jZDkvOMgo="
  "resolved" "https://registry.npmjs.org/parseuri/-/parseuri-0.0.5.tgz"
  "version" "0.0.5"
  dependencies:
    "better-assert" "~1.0.0"

"parseurl@~1.3.1":
  "integrity" "sha1-yKuMkiO6NIiKpkopeyiFO+wY2lY="
  "resolved" "https://registry.npmjs.org/parseurl/-/parseurl-1.3.1.tgz"
  "version" "1.3.1"

"path-to-regexp@0.1.7":
  "integrity" "sha1-32BBeABfUi8V60SQ5yR6G/qmf4w="
  "resolved" "https://registry.npmjs.org/path-to-regexp/-/path-to-regexp-0.1.7.tgz"
  "version" "0.1.7"

"proxy-addr@~1.1.3":
  "integrity" "sha1-3JdQL1ci6IhGez+iKXp7H/R98HQ="
  "resolved" "https://registry.npmjs.org/proxy-addr/-/proxy-addr-1.1.3.tgz"
  "version" "1.1.3"
  dependencies:
    "forwarded" "~0.1.0"
    "ipaddr.js" "1.2.0"

"qs@6.4.0":
  "integrity" "sha1-E+JtKK1rD/qpExLNO/cI7TUecjM="
  "resolved" "https://registry.npmjs.org/qs/-/qs-6.4.0.tgz"
  "version" "6.4.0"

"range-parser@~1.2.0":
  "integrity" "sha1-9JvmtIeJTdxA3MlKMi9hEJLgDV4="
  "resolved" "https://registry.npmjs.org/range-parser/-/range-parser-1.2.0.tgz"
  "version" "1.2.0"

"redis-commands@^1.2.0":
  "integrity" "sha1-gdgm9F+pyLIBH0zXoP5ZfSQdRCs="
  "resolved" "https://registry.npmjs.org/redis-commands/-/redis-commands-1.3.1.tgz"
  "version" "1.3.1"

"redis-parser@^2.5.0":
  "integrity" "sha1-efwrHUpuTShws1NoQzY5Jx/KJhc="
  "resolved" "https://registry.npmjs.org/redis-parser/-/redis-parser-2.5.0.tgz"
  "version" "2.5.0"

"redis@^2.6.3":
  "integrity" "sha1-fVb3h1uYsgQQtxU58dh47Vjr9Go="
  "resolved" "https://registry.npmjs.org/redis/-/redis-2.7.1.tgz"
  "version" "2.7.1"
  dependencies:
    "double-ended-queue" "^2.1.0-0"
    "redis-commands" "^1.2.0"
    "redis-parser" "^2.5.0"

"send@0.15.1":
  "integrity" "sha1-igI1TCbm9cynAAZfXwzeupDse18="
  "resolved" "https://registry.npmjs.org/send/-/send-0.15.1.tgz"
  "version" "0.15.1"
  dependencies:
    "debug" "2.6.1"
    "depd" "~1.1.0"
    "destroy" "~1.0.4"
    "encodeurl" "~1.0.1"
    "escape-html" "~1.0.3"
    "etag" "~1.8.0"
    "fresh" "0.5.0"
    "http-errors" "~1.6.1"
    "mime" "1.3.4"
    "ms" "0.7.2"
    "on-finished" "~2.3.0"
    "range-parser" "~1.2.0"
    "statuses" "~1.3.1"

"serve-static@1.12.1":
  "integrity" "sha1-dEOpZePO1kes61Y5+ga/TRu+ADk="
  "resolved" "https://registry.npmjs.org/serve-static/-/serve-static-1.12.1.tgz"
  "version" "1.12.1"
  dependencies:
    "encodeurl" "~1.0.1"
    "escape-html" "~1.0.3"
    "parseurl" "~1.3.1"
    "send" "0.15.1"

"setprototypeof@1.0.3":
  "integrity" "sha1-ZlZ+NwQ+608E2RvWWMDL77VbjgQ="
  "resolved" "https://registry.npmjs.org/setprototypeof/-/setprototypeof-1.0.3.tgz"
  "version" "1.0.3"

"socket.io-adapter@0.5.0":
  "integrity" "sha1-y21LuL7IHhB4uZZ3+c7QBGBmu4s="
  "resolved" "https://registry.npmjs.org/socket.io-adapter/-/socket.io-adapter-0.5.0.tgz"
  "version" "0.5.0"
  dependencies:
    "debug" "2.3.3"
    "socket.io-parser" "2.3.1"

"socket.io-client@1.7.3":
  "integrity" "sha1-sw6GqhDV7zVGYBwJzeR2Xjgdo3c="
  "resolved" "https://registry.npmjs.org/socket.io-client/-/socket.io-client-1.7.3.tgz"
  "version" "1.7.3"
  dependencies:
    "backo2" "1.0.2"
    "component-bind" "1.0.0"
    "component-emitter" "1.2.1"
    "debug" "2.3.3"
    "engine.io-client" "1.8.3"
    "has-binary" "0.1.7"
    "indexof" "0.0.1"
    "object-component" "0.0.3"
    "parseuri" "0.0.5"
    "socket.io-parser" "2.3.1"
    "to-array" "0.1.4"

"socket.io-parser@2.3.1":
  "integrity" "sha1-3VMgJRA85Clpcya+/WQAX8/ltKA="
  "resolved" "https://registry.npmjs.org/socket.io-parser/-/socket.io-parser-2.3.1.tgz"
  "version" "2.3.1"
  dependencies:
    "component-emitter" "1.1.2"
    "debug" "2.2.0"
    "isarray" "0.0.1"
    "json3" "3.3.2"

"socket.io@^1.7.2":
  "integrity" "sha1-uK+cq6AJSeVo42nxMn6pvp6iRhs="
  "resolved" "https://registry.npmjs.org/socket.io/-/socket.io-1.7.3.tgz"
  "version" "1.7.3"
  dependencies:
    "debug" "2.3.3"
    "engine.io" "1.8.3"
    "has-binary" "0.1.7"
    "object-assign" "4.1.0"
    "socket.io-adapter" "0.5.0"
    "socket.io-client" "1.7.3"
    "socket.io-parser" "2.3.1"

"statuses@>= 1.3.1 < 2", "statuses@~1.3.1":
  "integrity" "sha1-+vUbnrdKrvOzrPStX2Gr8ky3uT4="
  "resolved" "https://registry.npmjs.org/statuses/-/statuses-1.3.1.tgz"
  "version" "1.3.1"

"to-array@0.1.4":
  "integrity" "sha1-F+bBH3PdTz10zaek/zI46a2b+JA="
  "resolved" "https://registry.npmjs.org/to-array/-/to-array-0.1.4.tgz"
  "version" "0.1.4"

"type-is@~1.6.14":
  "integrity" "sha1-4hljnBfe0coHiQkt1UoDgmuBfLI="
  "resolved" "https://registry.npmjs.org/type-is/-/type-is-1.6.14.tgz"
  "version" "1.6.14"
  dependencies:
    "media-typer" "0.3.0"
    "mime-types" "~2.1.13"

"ultron@1.0.x":
  "integrity" "sha1-rOEWq1V80Zc4ak6I9GhTeMiy5Po="
  "resolved" "https://registry.npmjs.org/ultron/-/ultron-1.0.2.tgz"
  "version" "1.0.2"

"unpipe@~1.0.0":
  "integrity" "sha1-sr9O6FFKrmFltIF4KdIbLvSZBOw="
  "resolved" "https://registry.npmjs.org/unpipe/-/unpipe-1.0.0.tgz"
  "version" "1.0.0"

"utils-merge@1.0.0":
  "integrity" "sha1-ApT7kiu5N1FTVBxPcJYjHyh8ivg="
  "resolved" "https://registry.npmjs.org/utils-merge/-/utils-merge-1.0.0.tgz"
  "version" "1.0.0"

"vary@~1.1.0":
  "integrity" "sha1-4eWv+70WrnaN0mdDlLmtMCJlMUA="
  "resolved" "https://registry.npmjs.org/vary/-/vary-1.1.0.tgz"
  "version" "1.1.0"

"ws@1.1.2":
  "integrity" "sha1-iiRPoFJAHgjJiGz0SoUYnh/UBn8="
  "resolved" "https://registry.npmjs.org/ws/-/ws-1.1.2.tgz"
  "version" "1.1.2"
  dependencies:
    "options" ">=0.0.5"
    "ultron" "1.0.x"

"wtf-8@1.0.0":
  "integrity" "sha1-OS2LotDxw00e4tYw8V0O+2jhBIo="
  "resolved" "https://registry.npmjs.org/wtf-8/-/wtf-8-1.0.0.tgz"
  "version" "1.0.0"

"xmlhttprequest-ssl@1.5.3":
  "integrity" "sha1-GFqIjATspGw+QHDZn3tJ3jUomS0="
  "resolved" "https://registry.npmjs.org/xmlhttprequest-ssl/-/xmlhttprequest-ssl-1.5.3.tgz"
  "version" "1.5.3"

"yeast@0.1.2":
  "integrity" "sha1-AI4G2AlDIMNy28L47XagymyKxBk="
  "resolved" "https://registry.npmjs.org/yeast/-/yeast-0.1.2.tgz"
  "version" "0.1.2"
